// !$*UTF8*$!
{
	archiveVersion = 1;
	classes = {
	};
	objectVersion = 48;
	objects = {

/* Begin PBXBuildFile section */
		186792101FA8B46A0012EC7D /* Model.scnassets in Resources */ = {isa = PBXBuildFile; fileRef = 186792061FA8A9EB0012EC7D /* Model.scnassets */; };
		186792111FA8B4B80012EC7D /* Solar.scn in Resources */ = {isa = PBXBuildFile; fileRef = 1867920F1FA8B2050012EC7D /* Solar.scn */; };
		187FFAAF1FA895BB001B1B3F /* AppDelegate.swift in Sources */ = {isa = PBXBuildFile; fileRef = 187FFAAE1FA895BB001B1B3F /* AppDelegate.swift */; };
		187FFAB11FA895BB001B1B3F /* ViewController.swift in Sources */ = {isa = PBXBuildFile; fileRef = 187FFAB01FA895BB001B1B3F /* ViewController.swift */; };
		187FFAB41FA895BB001B1B3F /* Main.storyboard in Resources */ = {isa = PBXBuildFile; fileRef = 187FFAB21FA895BB001B1B3F /* Main.storyboard */; };
		187FFAB61FA895BB001B1B3F /* Assets.xcassets in Resources */ = {isa = PBXBuildFile; fileRef = 187FFAB51FA895BB001B1B3F /* Assets.xcassets */; };
		187FFAB91FA895BB001B1B3F /* LaunchScreen.storyboard in Resources */ = {isa = PBXBuildFile; fileRef = 187FFAB71FA895BB001B1B3F /* LaunchScreen.storyboard */; };
		187FFAC11FA898AD001B1B3F /* menuCollectionViewCell.swift in Sources */ = {isa = PBXBuildFile; fileRef = 187FFAC01FA898AD001B1B3F /* menuCollectionViewCell.swift */; };
		18E332B01FAB1D6C0043D129 /* Pump.scn in Resources */ = {isa = PBXBuildFile; fileRef = 18E332AF1FAB1D690043D129 /* Pump.scn */; };
		18F620561FA9DF6000DAFBDB /* Textures in Resources */ = {isa = PBXBuildFile; fileRef = 1867920E1FA8B13D0012EC7D /* Textures */; };
/* End PBXBuildFile section */

/* Begin PBXFileReference section */
		180344221FBD894100D282EA /* Crop.scn */ = {isa = PBXFileReference; lastKnownFileType = file.bplist; name = Crop.scn; path = Model.scnassets/Crop.scn; sourceTree = "<group>"; };
		180344241FBD93D000D282EA /* Well.scn */ = {isa = PBXFileReference; lastKnownFileType = file.bplist; name = Well.scn; path = Model.scnassets/Well.scn; sourceTree = "<group>"; };
		180344281FBD960A00D282EA /* Water Pump.scn */ = {isa = PBXFileReference; lastKnownFileType = file.bplist; name = "Water Pump.scn"; path = "Model.scnassets/Water Pump.scn"; sourceTree = "<group>"; };
		186792061FA8A9EB0012EC7D /* Model.scnassets */ = {isa = PBXFileReference; lastKnownFileType = wrapper.scnassets; path = Model.scnassets; sourceTree = "<group>"; };
		1867920E1FA8B13D0012EC7D /* Textures */ = {isa = PBXFileReference; lastKnownFileType = folder; path = Textures; sourceTree = "<group>"; };
		1867920F1FA8B2050012EC7D /* Solar.scn */ = {isa = PBXFileReference; lastKnownFileType = file.bplist; name = Solar.scn; path = Model.scnassets/Solar.scn; sourceTree = "<group>"; };
		187FFAAB1FA895BB001B1B3F /* Amazi.app */ = {isa = PBXFileReference; explicitFileType = wrapper.application; includeInIndex = 0; path = Amazi.app; sourceTree = BUILT_PRODUCTS_DIR; };
		187FFAAE1FA895BB001B1B3F /* AppDelegate.swift */ = {isa = PBXFileReference; lastKnownFileType = sourcecode.swift; path = AppDelegate.swift; sourceTree = "<group>"; };
		187FFAB01FA895BB001B1B3F /* ViewController.swift */ = {isa = PBXFileReference; lastKnownFileType = sourcecode.swift; path = ViewController.swift; sourceTree = "<group>"; };
		187FFAB31FA895BB001B1B3F /* Base */ = {isa = PBXFileReference; lastKnownFileType = file.storyboard; name = Base; path = Base.lproj/Main.storyboard; sourceTree = "<group>"; };
		187FFAB51FA895BB001B1B3F /* Assets.xcassets */ = {isa = PBXFileReference; lastKnownFileType = folder.assetcatalog; path = Assets.xcassets; sourceTree = "<group>"; };
		187FFAB81FA895BB001B1B3F /* Base */ = {isa = PBXFileReference; lastKnownFileType = file.storyboard; name = Base; path = Base.lproj/LaunchScreen.storyboard; sourceTree = "<group>"; };
		187FFABA1FA895BB001B1B3F /* Info.plist */ = {isa = PBXFileReference; lastKnownFileType = text.plist.xml; path = Info.plist; sourceTree = "<group>"; };
		187FFAC01FA898AD001B1B3F /* menuCollectionViewCell.swift */ = {isa = PBXFileReference; lastKnownFileType = sourcecode.swift; path = menuCollectionViewCell.swift; sourceTree = "<group>"; };
		18E332AF1FAB1D690043D129 /* Pump.scn */ = {isa = PBXFileReference; lastKnownFileType = file.bplist; name = Pump.scn; path = Model.scnassets/Pump.scn; sourceTree = "<group>"; };
/* End PBXFileReference section */

/* Begin PBXFrameworksBuildPhase section */
		187FFAA81FA895BB001B1B3F /* Frameworks */ = {
			isa = PBXFrameworksBuildPhase;
			buildActionMask = 2147483647;
			files = (
			);
			runOnlyForDeploymentPostprocessing = 0;
		};
/* End PBXFrameworksBuildPhase section */

/* Begin PBXGroup section */
		187FFAA21FA895BB001B1B3F = {
			isa = PBXGroup;
			children = (
				187FFAAD1FA895BB001B1B3F /* Amazi */,
				187FFAAC1FA895BB001B1B3F /* Products */,
			);
			sourceTree = "<group>";
		};
		187FFAAC1FA895BB001B1B3F /* Products */ = {
			isa = PBXGroup;
			children = (
				187FFAAB1FA895BB001B1B3F /* Amazi.app */,
			);
			name = Products;
			sourceTree = "<group>";
		};
		187FFAAD1FA895BB001B1B3F /* Amazi */ = {
			isa = PBXGroup;
			children = (
				180344221FBD894100D282EA /* Crop.scn */,
				18E332AF1FAB1D690043D129 /* Pump.scn */,
				180344281FBD960A00D282EA /* Water Pump.scn */,
				1867920F1FA8B2050012EC7D /* Solar.scn */,
				180344241FBD93D000D282EA /* Well.scn */,
				1867920E1FA8B13D0012EC7D /* Textures */,
				187FFAAE1FA895BB001B1B3F /* AppDelegate.swift */,
				187FFAB01FA895BB001B1B3F /* ViewController.swift */,
				187FFAC01FA898AD001B1B3F /* menuCollectionViewCell.swift */,
				186792061FA8A9EB0012EC7D /* Model.scnassets */,
				187FFAB21FA895BB001B1B3F /* Main.storyboard */,
				187FFAB51FA895BB001B1B3F /* Assets.xcassets */,
				187FFAB71FA895BB001B1B3F /* LaunchScreen.storyboard */,
				187FFABA1FA895BB001B1B3F /* Info.plist */,
			);
			path = Amazi;
			sourceTree = "<group>";
		};
/* End PBXGroup section */

/* Begin PBXNativeTarget section */
		187FFAAA1FA895BB001B1B3F /* Amazi */ = {
			isa = PBXNativeTarget;
			buildConfigurationList = 187FFABD1FA895BB001B1B3F /* Build configuration list for PBXNativeTarget "Amazi" */;
			buildPhases = (
				187FFAA71FA895BB001B1B3F /* Sources */,
				187FFAA81FA895BB001B1B3F /* Frameworks */,
				187FFAA91FA895BB001B1B3F /* Resources */,
			);
			buildRules = (
			);
			dependencies = (
			);
			name = Amazi;
			productName = Amazi;
			productReference = 187FFAAB1FA895BB001B1B3F /* Amazi.app */;
			productType = "com.apple.product-type.application";
		};
/* End PBXNativeTarget section */

/* Begin PBXProject section */
		187FFAA31FA895BB001B1B3F /* Project object */ = {
			isa = PBXProject;
			attributes = {
				LastSwiftUpdateCheck = 0900;
				LastUpgradeCheck = 0900;
				ORGANIZATIONNAME = "Tewodros Wondimu";
				TargetAttributes = {
					187FFAAA1FA895BB001B1B3F = {
						CreatedOnToolsVersion = 9.0;
						ProvisioningStyle = Automatic;
					};
				};
			};
			buildConfigurationList = 187FFAA61FA895BB001B1B3F /* Build configuration list for PBXProject "Amazi" */;
			compatibilityVersion = "Xcode 8.0";
			developmentRegion = en;
			hasScannedForEncodings = 0;
			knownRegions = (
				en,
				Base,
			);
			mainGroup = 187FFAA21FA895BB001B1B3F;
			productRefGroup = 187FFAAC1FA895BB001B1B3F /* Products */;
			projectDirPath = "";
			projectRoot = "";
			targets = (
				187FFAAA1FA895BB001B1B3F /* Amazi */,
			);
		};
/* End PBXProject section */

/* Begin PBXResourcesBuildPhase section */
		187FFAA91FA895BB001B1B3F /* Resources */ = {
			isa = PBXResourcesBuildPhase;
			buildActionMask = 2147483647;
			files = (
				18F620561FA9DF6000DAFBDB /* Textures in Resources */,
				187FFAB91FA895BB001B1B3F /* LaunchScreen.storyboard in Resources */,
				186792101FA8B46A0012EC7D /* Model.scnassets in Resources */,
				187FFAB61FA895BB001B1B3F /* Assets.xcassets in Resources */,
				18E332B01FAB1D6C0043D129 /* Pump.scn in Resources */,
				187FFAB41FA895BB001B1B3F /* Main.storyboard in Resources */,
				186792111FA8B4B80012EC7D /* Solar.scn in Resources */,
			);
			runOnlyForDeploymentPostprocessing = 0;
		};
/* End PBXResourcesBuildPhase section */

/* Begin PBXSourcesBuildPhase section */
		187FFAA71FA895BB001B1B3F /* Sources */ = {
			isa = PBXSourcesBuildPhase;
			buildActionMask = 2147483647;
			files = (
				187FFAB11FA895BB001B1B3F /* ViewController.swift in Sources */,
				187FFAAF1FA895BB001B1B3F /* AppDelegate.swift in Sources */,
				187FFAC11FA898AD001B1B3F /* menuCollectionViewCell.swift in Sources */,
			);
			runOnlyForDeploymentPostprocessing = 0;
		};
/* End PBXSourcesBuildPhase section */

/* Begin PBXVariantGroup section */
		187FFAB21FA895BB001B1B3F /* Main.storyboard */ = {
			isa = PBXVariantGroup;
			children = (
				187FFAB31FA895BB001B1B3F /* Base */,
			);
			name = Main.storyboard;
			sourceTree = "<group>";
		};
		187FFAB71FA895BB001B1B3F /* LaunchScreen.storyboard */ = {
			isa = PBXVariantGroup;
			children = (
				187FFAB81FA895BB001B1B3F /* Base */,
			);
			name = LaunchScreen.storyboard;
			sourceTree = "<group>";
		};
/* End PBXVariantGroup section */

/* Begin XCBuildConfiguration section */
		187FFABB1FA895BB001B1B3F /* Debug */ = {
			isa = XCBuildConfiguration;
			buildSettings = {
				ALWAYS_SEARCH_USER_PATHS = NO;
				CLANG_ANALYZER_NONNULL = YES;
				CLANG_ANALYZER_NUMBER_OBJECT_CONVERSION = YES_AGGRESSIVE;
				CLANG_CXX_LANGUAGE_STANDARD = "gnu++14";
				CLANG_CXX_LIBRARY = "libc++";
				CLANG_ENABLE_MODULES = YES;
				CLANG_ENABLE_OBJC_ARC = YES;
				CLANG_WARN_BLOCK_CAPTURE_AUTORELEASING = YES;
				CLANG_WARN_BOOL_CONVERSION = YES;
				CLANG_WARN_COMMA = YES;
				CLANG_WARN_CONSTANT_CONVERSION = YES;
				CLANG_WARN_DIRECT_OBJC_ISA_USAGE = YES_ERROR;
				CLANG_WARN_DOCUMENTATION_COMMENTS = YES;
				CLANG_WARN_EMPTY_BODY = YES;
				CLANG_WARN_ENUM_CONVERSION = YES;
				CLANG_WARN_INFINITE_RECURSION = YES;
				CLANG_WARN_INT_CONVERSION = YES;
				CLANG_WARN_NON_LITERAL_NULL_CONVERSION = YES;
				CLANG_WARN_OBJC_LITERAL_CONVERSION = YES;
				CLANG_WARN_OBJC_ROOT_CLASS = YES_ERROR;
				CLANG_WARN_RANGE_LOOP_ANALYSIS = YES;
				CLANG_WARN_STRICT_PROTOTYPES = YES;
				CLANG_WARN_SUSPICIOUS_MOVE = YES;
				CLANG_WARN_UNGUARDED_AVAILABILITY = YES_AGGRESSIVE;
				CLANG_WARN_UNREACHABLE_CODE = YES;
				CLANG_WARN__DUPLICATE_METHOD_MATCH = YES;
				CODE_SIGN_IDENTITY = "iPhone Developer";
				COPY_PHASE_STRIP = NO;
				DEBUG_INFORMATION_FORMAT = dwarf;
				ENABLE_STRICT_OBJC_MSGSEND = YES;
				ENABLE_TESTABILITY = YES;
				GCC_C_LANGUAGE_STANDARD = gnu11;
				GCC_DYNAMIC_NO_PIC = NO;
				GCC_NO_COMMON_BLOCKS = YES;
				GCC_OPTIMIZATION_LEVEL = 0;
				GCC_PREPROCESSOR_DEFINITIONS = (
					"DEBUG=1",
					"$(inherited)",
				);
				GCC_WARN_64_TO_32_BIT_CONVERSION = YES;
				GCC_WARN_ABOUT_RETURN_TYPE = YES_ERROR;
				GCC_WARN_UNDECLARED_SELECTOR = YES;
				GCC_WARN_UNINITIALIZED_AUTOS = YES_AGGRESSIVE;
				GCC_WARN_UNUSED_FUNCTION = YES;
				GCC_WARN_UNUSED_VARIABLE = YES;
				IPHONEOS_DEPLOYMENT_TARGET = 11.0;
				MTL_ENABLE_DEBUG_INFO = YES;
				ONLY_ACTIVE_ARCH = YES;
				SDKROOT = iphoneos;
				SWIFT_ACTIVE_COMPILATION_CONDITIONS = DEBUG;
				SWIFT_OPTIMIZATION_LEVEL = "-Onone";
			};
			name = Debug;
		};
		187FFABC1FA895BB001B1B3F /* Release */ = {
			isa = XCBuildConfiguration;
			buildSettings = {
				ALWAYS_SEARCH_USER_PATHS = NO;
				CLANG_ANALYZER_NONNULL = YES;
				CLANG_ANALYZER_NUMBER_OBJECT_CONVERSION = YES_AGGRESSIVE;
				CLANG_CXX_LANGUAGE_STANDARD = "gnu++14";
				CLANG_CXX_LIBRARY = "libc++";
				CLANG_ENABLE_MODULES = YES;
				CLANG_ENABLE_OBJC_ARC = YES;
				CLANG_WARN_BLOCK_CAPTURE_AUTORELEASING = YES;
				CLANG_WARN_BOOL_CONVERSION = YES;
				CLANG_WARN_COMMA = YES;
				CLANG_WARN_CONSTANT_CONVERSION = YES;
				CLANG_WARN_DIRECT_OBJC_ISA_USAGE = YES_ERROR;
				CLANG_WARN_DOCUMENTATION_COMMENTS = YES;
				CLANG_WARN_EMPTY_BODY = YES;
				CLANG_WARN_ENUM_CONVERSION = YES;
				CLANG_WARN_INFINITE_RECURSION = YES;
				CLANG_WARN_INT_CONVERSION = YES;
				CLANG_WARN_NON_LITERAL_NULL_CONVERSION = YES;
				CLANG_WARN_OBJC_LITERAL_CONVERSION = YES;
				CLANG_WARN_OBJC_ROOT_CLASS = YES_ERROR;
				CLANG_WARN_RANGE_LOOP_ANALYSIS = YES;
				CLANG_WARN_STRICT_PROTOTYPES = YES;
				CLANG_WARN_SUSPICIOUS_MOVE = YES;
				CLANG_WARN_UNGUARDED_AVAILABILITY = YES_AGGRESSIVE;
				CLANG_WARN_UNREACHABLE_CODE = YES;
				CLANG_WARN__DUPLICATE_METHOD_MATCH = YES;
				CODE_SIGN_IDENTITY = "iPhone Developer";
				COPY_PHASE_STRIP = NO;
				DEBUG_INFORMATION_FORMAT = "dwarf-with-dsym";
				ENABLE_NS_ASSERTIONS = NO;
				ENABLE_STRICT_OBJC_MSGSEND = YES;
				GCC_C_LANGUAGE_STANDARD = gnu11;
				GCC_NO_COMMON_BLOCKS = YES;
				GCC_WARN_64_TO_32_BIT_CONVERSION = YES;
				GCC_WARN_ABOUT_RETURN_TYPE = YES_ERROR;
				GCC_WARN_UNDECLARED_SELECTOR = YES;
				GCC_WARN_UNINITIALIZED_AUTOS = YES_AGGRESSIVE;
				GCC_WARN_UNUSED_FUNCTION = YES;
				GCC_WARN_UNUSED_VARIABLE = YES;
				IPHONEOS_DEPLOYMENT_TARGET = 11.0;
				MTL_ENABLE_DEBUG_INFO = NO;
				SDKROOT = iphoneos;
				SWIFT_OPTIMIZATION_LEVEL = "-Owholemodule";
				VALIDATE_PRODUCT = YES;
			};
			name = Release;
		};
		187FFABE1FA895BB001B1B3F /* Debug */ = {
			isa = XCBuildConfiguration;
			buildSettings = {
				ASSETCATALOG_COMPILER_APPICON_NAME = AppIcon;
				CODE_SIGN_STYLE = Automatic;
				DEVELOPMENT_TEAM = B336RKK32A;
				INFOPLIST_FILE = Amazi/Info.plist;
				LD_RUNPATH_SEARCH_PATHS = "$(inherited) @executable_path/Frameworks";
				PRODUCT_BUNDLE_IDENTIFIER = com.tewodroswondimu.Amazi;
				PRODUCT_NAME = "$(TARGET_NAME)";
				SWIFT_VERSION = 4.0;
				TARGETED_DEVICE_FAMILY = "1,2";
			};
			name = Debug;
		};
		187FFABF1FA895BB001B1B3F /* Release */ = {
			isa = XCBuildConfiguration;
			buildSettings = {
				ASSETCATALOG_COMPILER_APPICON_NAME = AppIcon;
				CODE_SIGN_STYLE = Automatic;
				DEVELOPMENT_TEAM = B336RKK32A;
				INFOPLIST_FILE = Amazi/Info.plist;
				LD_RUNPATH_SEARCH_PATHS = "$(inherited) @executable_path/Frameworks";
				PRODUCT_BUNDLE_IDENTIFIER = com.tewodroswondimu.Amazi;
				PRODUCT_NAME = "$(TARGET_NAME)";
				SWIFT_VERSION = 4.0;
				TARGETED_DEVICE_FAMILY = "1,2";
			};
			name = Release;
		};
/* End XCBuildConfiguration section */

/* Begin XCConfigurationList section */
		187FFAA61FA895BB001B1B3F /* Build configuration list for PBXProject "Amazi" */ = {
			isa = XCConfigurationList;
			buildConfigurations = (
				187FFABB1FA895BB001B1B3F /* Debug */,
				187FFABC1FA895BB001B1B3F /* Release */,
			);
			defaultConfigurationIsVisible = 0;
			defaultConfigurationName = Release;
		};
		187FFABD1FA895BB001B1B3F /* Build configuration list for PBXNativeTarget "Amazi" */ = {
			isa = XCConfigurationList;
			buildConfigurations = (
				187FFABE1FA895BB001B1B3F /* Debug */,
				187FFABF1FA895BB001B1B3F /* Release */,
			);
			defaultConfigurationIsVisible = 0;
			defaultConfigurationName = Release;
		};
/* End XCConfigurationList section */
	};
	rootObject = 187FFAA31FA895BB001B1B3F /* Project object */;
}
